// !$*UTF8*$!
{
	archiveVersion = 1;
	classes = {
	};
	objectVersion = 56;
	objects = {

/* Begin PBXBuildFile section */
		035CDEA62C20207900A5AAE7 /* studenttestappApp.swift in Sources */ = {isa = PBXBuildFile; fileRef = 035CDEA52C20207900A5AAE7 /* studenttestappApp.swift */; };
		035CDEA82C20207900A5AAE7 /* ContentView.swift in Sources */ = {isa = PBXBuildFile; fileRef = 035CDEA72C20207900A5AAE7 /* ContentView.swift */; };
		035CDEAA2C20207A00A5AAE7 /* Assets.xcassets in Resources */ = {isa = PBXBuildFile; fileRef = 035CDEA92C20207A00A5AAE7 /* Assets.xcassets */; };
		035CDEAD2C20207A00A5AAE7 /* Preview Assets.xcassets in Resources */ = {isa = PBXBuildFile; fileRef = 035CDEAC2C20207A00A5AAE7 /* Preview Assets.xcassets */; };
		035CDEB72C20207A00A5AAE7 /* studenttestappTests.swift in Sources */ = {isa = PBXBuildFile; fileRef = 035CDEB62C20207A00A5AAE7 /* studenttestappTests.swift */; };
		035CDEC12C20207A00A5AAE7 /* studenttestappUITests.swift in Sources */ = {isa = PBXBuildFile; fileRef = 035CDEC02C20207A00A5AAE7 /* studenttestappUITests.swift */; };
		035CDEC32C20207A00A5AAE7 /* studenttestappUITestsLaunchTests.swift in Sources */ = {isa = PBXBuildFile; fileRef = 035CDEC22C20207A00A5AAE7 /* studenttestappUITestsLaunchTests.swift */; };
/* End PBXBuildFile section */

/* Begin PBXContainerItemProxy section */
		035CDEB32C20207A00A5AAE7 /* PBXContainerItemProxy */ = {
			isa = PBXContainerItemProxy;
			containerPortal = 035CDE9A2C20207900A5AAE7 /* Project object */;
			proxyType = 1;
			remoteGlobalIDString = 035CDEA12C20207900A5AAE7;
			remoteInfo = studenttestapp;
		};
		035CDEBD2C20207A00A5AAE7 /* PBXContainerItemProxy */ = {
			isa = PBXContainerItemProxy;
			containerPortal = 035CDE9A2C20207900A5AAE7 /* Project object */;
			proxyType = 1;
			remoteGlobalIDString = 035CDEA12C20207900A5AAE7;
			remoteInfo = studenttestapp;
		};
/* End PBXContainerItemProxy section */

/* Begin PBXFileReference section */
		035CDEA22C20207900A5AAE7 /* studenttestapp.app */ = {isa = PBXFileReference; explicitFileType = wrapper.application; includeInIndex = 0; path = studenttestapp.app; sourceTree = BUILT_PRODUCTS_DIR; };
		035CDEA52C20207900A5AAE7 /* studenttestappApp.swift */ = {isa = PBXFileReference; lastKnownFileType = sourcecode.swift; path = studenttestappApp.swift; sourceTree = "<group>"; };
		035CDEA72C20207900A5AAE7 /* ContentView.swift */ = {isa = PBXFileReference; lastKnownFileType = sourcecode.swift; path = ContentView.swift; sourceTree = "<group>"; };
		035CDEA92C20207A00A5AAE7 /* Assets.xcassets */ = {isa = PBXFileReference; lastKnownFileType = folder.assetcatalog; path = Assets.xcassets; sourceTree = "<group>"; };
		035CDEAC2C20207A00A5AAE7 /* Preview Assets.xcassets */ = {isa = PBXFileReference; lastKnownFileType = folder.assetcatalog; path = "Preview Assets.xcassets"; sourceTree = "<group>"; };
		035CDEB22C20207A00A5AAE7 /* studenttestappTests.xctest */ = {isa = PBXFileReference; explicitFileType = wrapper.cfbundle; includeInIndex = 0; path = studenttestappTests.xctest; sourceTree = BUILT_PRODUCTS_DIR; };
		035CDEB62C20207A00A5AAE7 /* studenttestappTests.swift */ = {isa = PBXFileReference; lastKnownFileType = sourcecode.swift; path = studenttestappTests.swift; sourceTree = "<group>"; };
		035CDEBC2C20207A00A5AAE7 /* studenttestappUITests.xctest */ = {isa = PBXFileReference; explicitFileType = wrapper.cfbundle; includeInIndex = 0; path = studenttestappUITests.xctest; sourceTree = BUILT_PRODUCTS_DIR; };
		035CDEC02C20207A00A5AAE7 /* studenttestappUITests.swift */ = {isa = PBXFileReference; lastKnownFileType = sourcecode.swift; path = studenttestappUITests.swift; sourceTree = "<group>"; };
		035CDEC22C20207A00A5AAE7 /* studenttestappUITestsLaunchTests.swift */ = {isa = PBXFileReference; lastKnownFileType = sourcecode.swift; path = studenttestappUITestsLaunchTests.swift; sourceTree = "<group>"; };
/* End PBXFileReference section */

/* Begin PBXFrameworksBuildPhase section */
		035CDE9F2C20207900A5AAE7 /* Frameworks */ = {
			isa = PBXFrameworksBuildPhase;
			buildActionMask = 2147483647;
			files = (
			);
			runOnlyForDeploymentPostprocessing = 0;
		};
		035CDEAF2C20207A00A5AAE7 /* Frameworks */ = {
			isa = PBXFrameworksBuildPhase;
			buildActionMask = 2147483647;
			files = (
			);
			runOnlyForDeploymentPostprocessing = 0;
		};
		035CDEB92C20207A00A5AAE7 /* Frameworks */ = {
			isa = PBXFrameworksBuildPhase;
			buildActionMask = 2147483647;
			files = (
			);
			runOnlyForDeploymentPostprocessing = 0;
		};
/* End PBXFrameworksBuildPhase section */

/* Begin PBXGroup section */
		035CDE992C20207900A5AAE7 = {
			isa = PBXGroup;
			children = (
				035CDEA42C20207900A5AAE7 /* studenttestapp */,
				035CDEB52C20207A00A5AAE7 /* studenttestappTests */,
				035CDEBF2C20207A00A5AAE7 /* studenttestappUITests */,
				035CDEA32C20207900A5AAE7 /* Products */,
			);
			sourceTree = "<group>";
		};
		035CDEA32C20207900A5AAE7 /* Products */ = {
			isa = PBXGroup;
			children = (
				035CDEA22C20207900A5AAE7 /* studenttestapp.app */,
				035CDEB22C20207A00A5AAE7 /* studenttestappTests.xctest */,
				035CDEBC2C20207A00A5AAE7 /* studenttestappUITests.xctest */,
			);
			name = Products;
			sourceTree = "<group>";
		};
		035CDEA42C20207900A5AAE7 /* studenttestapp */ = {
			isa = PBXGroup;
			children = (
				035CDEA52C20207900A5AAE7 /* studenttestappApp.swift */,
				035CDEA72C20207900A5AAE7 /* ContentView.swift */,
				035CDEA92C20207A00A5AAE7 /* Assets.xcassets */,
				035CDEAB2C20207A00A5AAE7 /* Preview Content */,
			);
			path = studenttestapp;
			sourceTree = "<group>";
		};
		035CDEAB2C20207A00A5AAE7 /* Preview Content */ = {
			isa = PBXGroup;
			children = (
				035CDEAC2C20207A00A5AAE7 /* Preview Assets.xcassets */,
			);
			path = "Preview Content";
			sourceTree = "<group>";
		};
		035CDEB52C20207A00A5AAE7 /* studenttestappTests */ = {
			isa = PBXGroup;
			children = (
				035CDEB62C20207A00A5AAE7 /* studenttestappTests.swift */,
			);
			path = studenttestappTests;
			sourceTree = "<group>";
		};
		035CDEBF2C20207A00A5AAE7 /* studenttestappUITests */ = {
			isa = PBXGroup;
			children = (
				035CDEC02C20207A00A5AAE7 /* studenttestappUITests.swift */,
				035CDEC22C20207A00A5AAE7 /* studenttestappUITestsLaunchTests.swift */,
			);
			path = studenttestappUITests;
			sourceTree = "<group>";
		};
/* End PBXGroup section */

/* Begin PBXNativeTarget section */
		035CDEA12C20207900A5AAE7 /* studenttestapp */ = {
			isa = PBXNativeTarget;
			buildConfigurationList = 035CDEC62C20207A00A5AAE7 /* Build configuration list for PBXNativeTarget "studenttestapp" */;
			buildPhases = (
				035CDE9E2C20207900A5AAE7 /* Sources */,
				035CDE9F2C20207900A5AAE7 /* Frameworks */,
				035CDEA02C20207900A5AAE7 /* Resources */,
			);
			buildRules = (
			);
			dependencies = (
			);
			name = studenttestapp;
			productName = studenttestapp;
			productReference = 035CDEA22C20207900A5AAE7 /* studenttestapp.app */;
			productType = "com.apple.product-type.application";
		};
		035CDEB12C20207A00A5AAE7 /* studenttestappTests */ = {
			isa = PBXNativeTarget;
			buildConfigurationList = 035CDEC92C20207A00A5AAE7 /* Build configuration list for PBXNativeTarget "studenttestappTests" */;
			buildPhases = (
				035CDEAE2C20207A00A5AAE7 /* Sources */,
				035CDEAF2C20207A00A5AAE7 /* Frameworks */,
				035CDEB02C20207A00A5AAE7 /* Resources */,
			);
			buildRules = (
			);
			dependencies = (
				035CDEB42C20207A00A5AAE7 /* PBXTargetDependency */,
			);
			name = studenttestappTests;
			productName = studenttestappTests;
			productReference = 035CDEB22C20207A00A5AAE7 /* studenttestappTests.xctest */;
			productType = "com.apple.product-type.bundle.unit-test";
		};
		035CDEBB2C20207A00A5AAE7 /* studenttestappUITests */ = {
			isa = PBXNativeTarget;
			buildConfigurationList = 035CDECC2C20207A00A5AAE7 /* Build configuration list for PBXNativeTarget "studenttestappUITests" */;
			buildPhases = (
				035CDEB82C20207A00A5AAE7 /* Sources */,
				035CDEB92C20207A00A5AAE7 /* Frameworks */,
				035CDEBA2C20207A00A5AAE7 /* Resources */,
			);
			buildRules = (
			);
			dependencies = (
				035CDEBE2C20207A00A5AAE7 /* PBXTargetDependency */,
			);
			name = studenttestappUITests;
			productName = studenttestappUITests;
			productReference = 035CDEBC2C20207A00A5AAE7 /* studenttestappUITests.xctest */;
			productType = "com.apple.product-type.bundle.ui-testing";
		};
/* End PBXNativeTarget section */

/* Begin PBXProject section */
		035CDE9A2C20207900A5AAE7 /* Project object */ = {
			isa = PBXProject;
			attributes = {
				BuildIndependentTargetsInParallel = 1;
				LastSwiftUpdateCheck = 1540;
				LastUpgradeCheck = 1540;
				TargetAttributes = {
					035CDEA12C20207900A5AAE7 = {
						CreatedOnToolsVersion = 15.4;
					};
					035CDEB12C20207A00A5AAE7 = {
						CreatedOnToolsVersion = 15.4;
						TestTargetID = 035CDEA12C20207900A5AAE7;
					};
					035CDEBB2C20207A00A5AAE7 = {
						CreatedOnToolsVersion = 15.4;
						TestTargetID = 035CDEA12C20207900A5AAE7;
					};
				};
			};
			buildConfigurationList = 035CDE9D2C20207900A5AAE7 /* Build configuration list for PBXProject "studenttestapp" */;
			compatibilityVersion = "Xcode 14.0";
			developmentRegion = en;
			hasScannedForEncodings = 0;
			knownRegions = (
				en,
				Base,
			);
			mainGroup = 035CDE992C20207900A5AAE7;
			productRefGroup = 035CDEA32C20207900A5AAE7 /* Products */;
			projectDirPath = "";
			projectRoot = "";
			targets = (
				035CDEA12C20207900A5AAE7 /* studenttestapp */,
				035CDEB12C20207A00A5AAE7 /* studenttestappTests */,
				035CDEBB2C20207A00A5AAE7 /* studenttestappUITests */,
			);
		};
/* End PBXProject section */

/* Begin PBXResourcesBuildPhase section */
		035CDEA02C20207900A5AAE7 /* Resources */ = {
			isa = PBXResourcesBuildPhase;
			buildActionMask = 2147483647;
			files = (
				035CDEAD2C20207A00A5AAE7 /* Preview Assets.xcassets in Resources */,
				035CDEAA2C20207A00A5AAE7 /* Assets.xcassets in Resources */,
			);
			runOnlyForDeploymentPostprocessing = 0;
		};
		035CDEB02C20207A00A5AAE7 /* Resources */ = {
			isa = PBXResourcesBuildPhase;
			buildActionMask = 2147483647;
			files = (
			);
			runOnlyForDeploymentPostprocessing = 0;
		};
		035CDEBA2C20207A00A5AAE7 /* Resources */ = {
			isa = PBXResourcesBuildPhase;
			buildActionMask = 2147483647;
			files = (
			);
			runOnlyForDeploymentPostprocessing = 0;
		};
/* End PBXResourcesBuildPhase section */

/* Begin PBXSourcesBuildPhase section */
		035CDE9E2C20207900A5AAE7 /* Sources */ = {
			isa = PBXSourcesBuildPhase;
			buildActionMask = 2147483647;
			files = (
				035CDEA82C20207900A5AAE7 /* ContentView.swift in Sources */,
				035CDEA62C20207900A5AAE7 /* studenttestappApp.swift in Sources */,
			);
			runOnlyForDeploymentPostprocessing = 0;
		};
		035CDEAE2C20207A00A5AAE7 /* Sources */ = {
			isa = PBXSourcesBuildPhase;
			buildActionMask = 2147483647;
			files = (
				035CDEB72C20207A00A5AAE7 /* studenttestappTests.swift in Sources */,
			);
			runOnlyForDeploymentPostprocessing = 0;
		};
		035CDEB82C20207A00A5AAE7 /* Sources */ = {
			isa = PBXSourcesBuildPhase;
			buildActionMask = 2147483647;
			files = (
				035CDEC32C20207A00A5AAE7 /* studenttestappUITestsLaunchTests.swift in Sources */,
				035CDEC12C20207A00A5AAE7 /* studenttestappUITests.swift in Sources */,
			);
			runOnlyForDeploymentPostprocessing = 0;
		};
/* End PBXSourcesBuildPhase section */

/* Begin PBXTargetDependency section */
		035CDEB42C20207A00A5AAE7 /* PBXTargetDependency */ = {
			isa = PBXTargetDependency;
			target = 035CDEA12C20207900A5AAE7 /* studenttestapp */;
			targetProxy = 035CDEB32C20207A00A5AAE7 /* PBXContainerItemProxy */;
		};
		035CDEBE2C20207A00A5AAE7 /* PBXTargetDependency */ = {
			isa = PBXTargetDependency;
			target = 035CDEA12C20207900A5AAE7 /* studenttestapp */;
			targetProxy = 035CDEBD2C20207A00A5AAE7 /* PBXContainerItemProxy */;
		};
/* End PBXTargetDependency section */

/* Begin XCBuildConfiguration section */
		035CDEC42C20207A00A5AAE7 /* Debug */ = {
			isa = XCBuildConfiguration;
			buildSettings = {
				ALWAYS_SEARCH_USER_PATHS = NO;
				ASSETCATALOG_COMPILER_GENERATE_SWIFT_ASSET_SYMBOL_EXTENSIONS = YES;
				CLANG_ANALYZER_NONNULL = YES;
				CLANG_ANALYZER_NUMBER_OBJECT_CONVERSION = YES_AGGRESSIVE;
				CLANG_CXX_LANGUAGE_STANDARD = "gnu++20";
				CLANG_ENABLE_MODULES = YES;
				CLANG_ENABLE_OBJC_ARC = YES;
				CLANG_ENABLE_OBJC_WEAK = YES;
				CLANG_WARN_BLOCK_CAPTURE_AUTORELEASING = YES;
				CLANG_WARN_BOOL_CONVERSION = YES;
				CLANG_WARN_COMMA = YES;
				CLANG_WARN_CONSTANT_CONVERSION = YES;
				CLANG_WARN_DEPRECATED_OBJC_IMPLEMENTATIONS = YES;
				CLANG_WARN_DIRECT_OBJC_ISA_USAGE = YES_ERROR;
				CLANG_WARN_DOCUMENTATION_COMMENTS = YES;
				CLANG_WARN_EMPTY_BODY = YES;
				CLANG_WARN_ENUM_CONVERSION = YES;
				CLANG_WARN_INFINITE_RECURSION = YES;
				CLANG_WARN_INT_CONVERSION = YES;
				CLANG_WARN_NON_LITERAL_NULL_CONVERSION = YES;
				CLANG_WARN_OBJC_IMPLICIT_RETAIN_SELF = YES;
				CLANG_WARN_OBJC_LITERAL_CONVERSION = YES;
				CLANG_WARN_OBJC_ROOT_CLASS = YES_ERROR;
				CLANG_WARN_QUOTED_INCLUDE_IN_FRAMEWORK_HEADER = YES;
				CLANG_WARN_RANGE_LOOP_ANALYSIS = YES;
				CLANG_WARN_STRICT_PROTOTYPES = YES;
				CLANG_WARN_SUSPICIOUS_MOVE = YES;
				CLANG_WARN_UNGUARDED_AVAILABILITY = YES_AGGRESSIVE;
				CLANG_WARN_UNREACHABLE_CODE = YES;
				CLANG_WARN__DUPLICATE_METHOD_MATCH = YES;
				COPY_PHASE_STRIP = NO;
				DEBUG_INFORMATION_FORMAT = dwarf;
				ENABLE_STRICT_OBJC_MSGSEND = YES;
				ENABLE_TESTABILITY = YES;
				ENABLE_USER_SCRIPT_SANDBOXING = YES;
				GCC_C_LANGUAGE_STANDARD = gnu17;
				GCC_DYNAMIC_NO_PIC = NO;
				GCC_NO_COMMON_BLOCKS = YES;
				GCC_OPTIMIZATION_LEVEL = 0;
				GCC_PREPROCESSOR_DEFINITIONS = (
					"DEBUG=1",
					"$(inherited)",
				);
				GCC_WARN_64_TO_32_BIT_CONVERSION = YES;
				GCC_WARN_ABOUT_RETURN_TYPE = YES_ERROR;
				GCC_WARN_UNDECLARED_SELECTOR = YES;
				GCC_WARN_UNINITIALIZED_AUTOS = YES_AGGRESSIVE;
				GCC_WARN_UNUSED_FUNCTION = YES;
				GCC_WARN_UNUSED_VARIABLE = YES;
				IPHONEOS_DEPLOYMENT_TARGET = 17.5;
				LOCALIZATION_PREFERS_STRING_CATALOGS = YES;
				MTL_ENABLE_DEBUG_INFO = INCLUDE_SOURCE;
				MTL_FAST_MATH = YES;
				ONLY_ACTIVE_ARCH = YES;
				SDKROOT = iphoneos;
				SWIFT_ACTIVE_COMPILATION_CONDITIONS = "DEBUG $(inherited)";
				SWIFT_OPTIMIZATION_LEVEL = "-Onone";
			};
			name = Debug;
		};
		035CDEC52C20207A00A5AAE7 /* Release */ = {
			isa = XCBuildConfiguration;
			buildSettings = {
				ALWAYS_SEARCH_USER_PATHS = NO;
				ASSETCATALOG_COMPILER_GENERATE_SWIFT_ASSET_SYMBOL_EXTENSIONS = YES;
				CLANG_ANALYZER_NONNULL = YES;
				CLANG_ANALYZER_NUMBER_OBJECT_CONVERSION = YES_AGGRESSIVE;
				CLANG_CXX_LANGUAGE_STANDARD = "gnu++20";
				CLANG_ENABLE_MODULES = YES;
				CLANG_ENABLE_OBJC_ARC = YES;
				CLANG_ENABLE_OBJC_WEAK = YES;
				CLANG_WARN_BLOCK_CAPTURE_AUTORELEASING = YES;
				CLANG_WARN_BOOL_CONVERSION = YES;
				CLANG_WARN_COMMA = YES;
				CLANG_WARN_CONSTANT_CONVERSION = YES;
				CLANG_WARN_DEPRECATED_OBJC_IMPLEMENTATIONS = YES;
				CLANG_WARN_DIRECT_OBJC_ISA_USAGE = YES_ERROR;
				CLANG_WARN_DOCUMENTATION_COMMENTS = YES;
				CLANG_WARN_EMPTY_BODY = YES;
				CLANG_WARN_ENUM_CONVERSION = YES;
				CLANG_WARN_INFINITE_RECURSION = YES;
				CLANG_WARN_INT_CONVERSION = YES;
				CLANG_WARN_NON_LITERAL_NULL_CONVERSION = YES;
				CLANG_WARN_OBJC_IMPLICIT_RETAIN_SELF = YES;
				CLANG_WARN_OBJC_LITERAL_CONVERSION = YES;
				CLANG_WARN_OBJC_ROOT_CLASS = YES_ERROR;
				CLANG_WARN_QUOTED_INCLUDE_IN_FRAMEWORK_HEADER = YES;
				CLANG_WARN_RANGE_LOOP_ANALYSIS = YES;
				CLANG_WARN_STRICT_PROTOTYPES = YES;
				CLANG_WARN_SUSPICIOUS_MOVE = YES;
				CLANG_WARN_UNGUARDED_AVAILABILITY = YES_AGGRESSIVE;
				CLANG_WARN_UNREACHABLE_CODE = YES;
				CLANG_WARN__DUPLICATE_METHOD_MATCH = YES;
				COPY_PHASE_STRIP = NO;
				DEBUG_INFORMATION_FORMAT = "dwarf-with-dsym";
				ENABLE_NS_ASSERTIONS = NO;
				ENABLE_STRICT_OBJC_MSGSEND = YES;
				ENABLE_USER_SCRIPT_SANDBOXING = YES;
				GCC_C_LANGUAGE_STANDARD = gnu17;
				GCC_NO_COMMON_BLOCKS = YES;
				GCC_WARN_64_TO_32_BIT_CONVERSION = YES;
				GCC_WARN_ABOUT_RETURN_TYPE = YES_ERROR;
				GCC_WARN_UNDECLARED_SELECTOR = YES;
				GCC_WARN_UNINITIALIZED_AUTOS = YES_AGGRESSIVE;
				GCC_WARN_UNUSED_FUNCTION = YES;
				GCC_WARN_UNUSED_VARIABLE = YES;
				IPHONEOS_DEPLOYMENT_TARGET = 17.5;
				LOCALIZATION_PREFERS_STRING_CATALOGS = YES;
				MTL_ENABLE_DEBUG_INFO = NO;
				MTL_FAST_MATH = YES;
				SDKROOT = iphoneos;
				SWIFT_COMPILATION_MODE = wholemodule;
				VALIDATE_PRODUCT = YES;
			};
			name = Release;
		};
		035CDEC72C20207A00A5AAE7 /* Debug */ = {
			isa = XCBuildConfiguration;
			buildSettings = {
				ASSETCATALOG_COMPILER_APPICON_NAME = AppIcon;
				ASSETCATALOG_COMPILER_GLOBAL_ACCENT_COLOR_NAME = AccentColor;
				CODE_SIGN_STYLE = Automatic;
				CURRENT_PROJECT_VERSION = 1;
				DEVELOPMENT_ASSET_PATHS = "\"studenttestapp/Preview Content\"";
				DEVELOPMENT_TEAM = 6G4635XAM6;
				ENABLE_PREVIEWS = YES;
				GENERATE_INFOPLIST_FILE = YES;
				INFOPLIST_KEY_UIApplicationSceneManifest_Generation = YES;
				INFOPLIST_KEY_UIApplicationSupportsIndirectInputEvents = YES;
				INFOPLIST_KEY_UILaunchScreen_Generation = YES;
				INFOPLIST_KEY_UISupportedInterfaceOrientations_iPad = "UIInterfaceOrientationPortrait UIInterfaceOrientationPortraitUpsideDown UIInterfaceOrientationLandscapeLeft UIInterfaceOrientationLandscapeRight";
				INFOPLIST_KEY_UISupportedInterfaceOrientations_iPhone = "UIInterfaceOrientationPortrait UIInterfaceOrientationLandscapeLeft UIInterfaceOrientationLandscapeRight";
				LD_RUNPATH_SEARCH_PATHS = (
					"$(inherited)",
					"@executable_path/Frameworks",
				);
				MARKETING_VERSION = 1.0;
				PRODUCT_BUNDLE_IDENTIFIER = nicks.studenttestapp;
				PRODUCT_NAME = "$(TARGET_NAME)";
				SWIFT_EMIT_LOC_STRINGS = YES;
				SWIFT_VERSION = 5.0;
				TARGETED_DEVICE_FAMILY = "1,2";
			};
			name = Debug;
		};
		035CDEC82C20207A00A5AAE7 /* Release */ = {
			isa = XCBuildConfiguration;
			buildSettings = {
				ASSETCATALOG_COMPILER_APPICON_NAME = AppIcon;
				ASSETCATALOG_COMPILER_GLOBAL_ACCENT_COLOR_NAME = AccentColor;
				CODE_SIGN_STYLE = Automatic;
				CURRENT_PROJECT_VERSION = 1;
				DEVELOPMENT_ASSET_PATHS = "\"studenttestapp/Preview Content\"";
				DEVELOPMENT_TEAM = 6G4635XAM6;
				ENABLE_PREVIEWS = YES;
				GENERATE_INFOPLIST_FILE = YES;
				INFOPLIST_KEY_UIApplicationSceneManifest_Generation = YES;
				INFOPLIST_KEY_UIApplicationSupportsIndirectInputEvents = YES;
				INFOPLIST_KEY_UILaunchScreen_Generation = YES;
				INFOPLIST_KEY_UISupportedInterfaceOrientations_iPad = "UIInterfaceOrientationPortrait UIInterfaceOrientationPortraitUpsideDown UIInterfaceOrientationLandscapeLeft UIInterfaceOrientationLandscapeRight";
				INFOPLIST_KEY_UISupportedInterfaceOrientations_iPhone = "UIInterfaceOrientationPortrait UIInterfaceOrientationLandscapeLeft UIInterfaceOrientationLandscapeRight";
				LD_RUNPATH_SEARCH_PATHS = (
					"$(inherited)",
					"@executable_path/Frameworks",
				);
				MARKETING_VERSION = 1.0;
				PRODUCT_BUNDLE_IDENTIFIER = nicks.studenttestapp;
				PRODUCT_NAME = "$(TARGET_NAME)";
				SWIFT_EMIT_LOC_STRINGS = YES;
				SWIFT_VERSION = 5.0;
				TARGETED_DEVICE_FAMILY = "1,2";
			};
			name = Release;
		};
		035CDECA2C20207A00A5AAE7 /* Debug */ = {
			isa = XCBuildConfiguration;
			buildSettings = {
				ALWAYS_EMBED_SWIFT_STANDARD_LIBRARIES = YES;
				BUNDLE_LOADER = "$(TEST_HOST)";
				CODE_SIGN_STYLE = Automatic;
				CURRENT_PROJECT_VERSION = 1;
				DEVELOPMENT_TEAM = 6G4635XAM6;
				GENERATE_INFOPLIST_FILE = YES;
				IPHONEOS_DEPLOYMENT_TARGET = 17.5;
				MARKETING_VERSION = 1.0;
				PRODUCT_BUNDLE_IDENTIFIER = nicks.studenttestappTests;
				PRODUCT_NAME = "$(TARGET_NAME)";
				SWIFT_EMIT_LOC_STRINGS = NO;
				SWIFT_VERSION = 5.0;
				TARGETED_DEVICE_FAMILY = "1,2";
				TEST_HOST = "$(BUILT_PRODUCTS_DIR)/studenttestapp.app/$(BUNDLE_EXECUTABLE_FOLDER_PATH)/studenttestapp";
			};
			name = Debug;
		};
		035CDECB2C20207A00A5AAE7 /* Release */ = {
			isa = XCBuildConfiguration;
			buildSettings = {
				ALWAYS_EMBED_SWIFT_STANDARD_LIBRARIES = YES;
				BUNDLE_LOADER = "$(TEST_HOST)";
				CODE_SIGN_STYLE = Automatic;
				CURRENT_PROJECT_VERSION = 1;
				DEVELOPMENT_TEAM = 6G4635XAM6;
				GENERATE_INFOPLIST_FILE = YES;
				IPHONEOS_DEPLOYMENT_TARGET = 17.5;
				MARKETING_VERSION = 1.0;
				PRODUCT_BUNDLE_IDENTIFIER = nicks.studenttestappTests;
				PRODUCT_NAME = "$(TARGET_NAME)";
				SWIFT_EMIT_LOC_STRINGS = NO;
				SWIFT_VERSION = 5.0;
				TARGETED_DEVICE_FAMILY = "1,2";
				TEST_HOST = "$(BUILT_PRODUCTS_DIR)/studenttestapp.app/$(BUNDLE_EXECUTABLE_FOLDER_PATH)/studenttestapp";
			};
			name = Release;
		};
		035CDECD2C20207A00A5AAE7 /* Debug */ = {
			isa = XCBuildConfiguration;
			buildSettings = {
				ALWAYS_EMBED_SWIFT_STANDARD_LIBRARIES = YES;
				CODE_SIGN_STYLE = Automatic;
				CURRENT_PROJECT_VERSION = 1;
				DEVELOPMENT_TEAM = 6G4635XAM6;
				GENERATE_INFOPLIST_FILE = YES;
				MARKETING_VERSION = 1.0;
				PRODUCT_BUNDLE_IDENTIFIER = nicks.studenttestappUITests;
				PRODUCT_NAME = "$(TARGET_NAME)";
				SWIFT_EMIT_LOC_STRINGS = NO;
				SWIFT_VERSION = 5.0;
				TARGETED_DEVICE_FAMILY = "1,2";
				TEST_TARGET_NAME = studenttestapp;
			};
			name = Debug;
		};
		035CDECE2C20207A00A5AAE7 /* Release */ = {
			isa = XCBuildConfiguration;
			buildSettings = {
				ALWAYS_EMBED_SWIFT_STANDARD_LIBRARIES = YES;
				CODE_SIGN_STYLE = Automatic;
				CURRENT_PROJECT_VERSION = 1;
				DEVELOPMENT_TEAM = 6G4635XAM6;
				GENERATE_INFOPLIST_FILE = YES;
				MARKETING_VERSION = 1.0;
				PRODUCT_BUNDLE_IDENTIFIER = nicks.studenttestappUITests;
				PRODUCT_NAME = "$(TARGET_NAME)";
				SWIFT_EMIT_LOC_STRINGS = NO;
				SWIFT_VERSION = 5.0;
				TARGETED_DEVICE_FAMILY = "1,2";
				TEST_TARGET_NAME = studenttestapp;
			};
			name = Release;
		};
/* End XCBuildConfiguration section */

/* Begin XCConfigurationList section */
		035CDE9D2C20207900A5AAE7 /* Build configuration list for PBXProject "studenttestapp" */ = {
			isa = XCConfigurationList;
			buildConfigurations = (
				035CDEC42C20207A00A5AAE7 /* Debug */,
				035CDEC52C20207A00A5AAE7 /* Release */,
			);
			defaultConfigurationIsVisible = 0;
			defaultConfigurationName = Release;
		};
		035CDEC62C20207A00A5AAE7 /* Build configuration list for PBXNativeTarget "studenttestapp" */ = {
			isa = XCConfigurationList;
			buildConfigurations = (
				035CDEC72C20207A00A5AAE7 /* Debug */,
				035CDEC82C20207A00A5AAE7 /* Release */,
			);
			defaultConfigurationIsVisible = 0;
			defaultConfigurationName = Release;
		};
		035CDEC92C20207A00A5AAE7 /* Build configuration list for PBXNativeTarget "studenttestappTests" */ = {
			isa = XCConfigurationList;
			buildConfigurations = (
				035CDECA2C20207A00A5AAE7 /* Debug */,
				035CDECB2C20207A00A5AAE7 /* Release */,
			);
			defaultConfigurationIsVisible = 0;
			defaultConfigurationName = Release;
		};
		035CDECC2C20207A00A5AAE7 /* Build configuration list for PBXNativeTarget "studenttestappUITests" */ = {
			isa = XCConfigurationList;
			buildConfigurations = (
				035CDECD2C20207A00A5AAE7 /* Debug */,
				035CDECE2C20207A00A5AAE7 /* Release */,
			);
			defaultConfigurationIsVisible = 0;
			defaultConfigurationName = Release;
		};
/* End XCConfigurationList section */
	};
	rootObject = 035CDE9A2C20207900A5AAE7 /* Project object */;
}
